// !$*UTF8*$!
{
	archiveVersion = 1;
	classes = {
	};
	objectVersion = 46;
	objects = {

/* Begin PBXBuildFile section */
		A56748811B122E6A00052C7C /* main.m in Sources */ = {isa = PBXBuildFile; fileRef = A56748801B122E6A00052C7C /* main.m */; };
		A56748841B122E6A00052C7C /* AppDelegate.m in Sources */ = {isa = PBXBuildFile; fileRef = A56748831B122E6A00052C7C /* AppDelegate.m */; };
		A56748871B122E6A00052C7C /* ViewController.m in Sources */ = {isa = PBXBuildFile; fileRef = A56748861B122E6A00052C7C /* ViewController.m */; };
		A567488A1B122E6A00052C7C /* Main.storyboard in Resources */ = {isa = PBXBuildFile; fileRef = A56748881B122E6A00052C7C /* Main.storyboard */; };
		A567488C1B122E6A00052C7C /* Images.xcassets in Resources */ = {isa = PBXBuildFile; fileRef = A567488B1B122E6A00052C7C /* Images.xcassets */; };
		A567488F1B122E6A00052C7C /* LaunchScreen.xib in Resources */ = {isa = PBXBuildFile; fileRef = A567488D1B122E6A00052C7C /* LaunchScreen.xib */; };
		A567489B1B122E6A00052C7C /* AttributorTests.m in Sources */ = {isa = PBXBuildFile; fileRef = A567489A1B122E6A00052C7C /* AttributorTests.m */; };
/* End PBXBuildFile section */

/* Begin PBXContainerItemProxy section */
		A56748951B122E6A00052C7C /* PBXContainerItemProxy */ = {
			isa = PBXContainerItemProxy;
			containerPortal = A56748731B122E6A00052C7C /* Project object */;
			proxyType = 1;
			remoteGlobalIDString = A567487A1B122E6A00052C7C;
			remoteInfo = Attributor;
		};
/* End PBXContainerItemProxy section */

/* Begin PBXFileReference section */
		A567487B1B122E6A00052C7C /* Attributor.app */ = {isa = PBXFileReference; explicitFileType = wrapper.application; includeInIndex = 0; path = Attributor.app; sourceTree = BUILT_PRODUCTS_DIR; };
		A567487F1B122E6A00052C7C /* Info.plist */ = {isa = PBXFileReference; lastKnownFileType = text.plist.xml; path = Info.plist; sourceTree = "<group>"; };
		A56748801B122E6A00052C7C /* main.m */ = {isa = PBXFileReference; lastKnownFileType = sourcecode.c.objc; path = main.m; sourceTree = "<group>"; };
		A56748821B122E6A00052C7C /* AppDelegate.h */ = {isa = PBXFileReference; lastKnownFileType = sourcecode.c.h; path = AppDelegate.h; sourceTree = "<group>"; };
		A56748831B122E6A00052C7C /* AppDelegate.m */ = {isa = PBXFileReference; lastKnownFileType = sourcecode.c.objc; path = AppDelegate.m; sourceTree = "<group>"; };
		A56748851B122E6A00052C7C /* ViewController.h */ = {isa = PBXFileReference; lastKnownFileType = sourcecode.c.h; path = ViewController.h; sourceTree = "<group>"; };
		A56748861B122E6A00052C7C /* ViewController.m */ = {isa = PBXFileReference; lastKnownFileType = sourcecode.c.objc; path = ViewController.m; sourceTree = "<group>"; };
		A56748891B122E6A00052C7C /* Base */ = {isa = PBXFileReference; lastKnownFileType = file.storyboard; name = Base; path = Base.lproj/Main.storyboard; sourceTree = "<group>"; };
		A567488B1B122E6A00052C7C /* Images.xcassets */ = {isa = PBXFileReference; lastKnownFileType = folder.assetcatalog; path = Images.xcassets; sourceTree = "<group>"; };
		A567488E1B122E6A00052C7C /* Base */ = {isa = PBXFileReference; lastKnownFileType = file.xib; name = Base; path = Base.lproj/LaunchScreen.xib; sourceTree = "<group>"; };
		A56748941B122E6A00052C7C /* AttributorTests.xctest */ = {isa = PBXFileReference; explicitFileType = wrapper.cfbundle; includeInIndex = 0; path = AttributorTests.xctest; sourceTree = BUILT_PRODUCTS_DIR; };
		A56748991B122E6A00052C7C /* Info.plist */ = {isa = PBXFileReference; lastKnownFileType = text.plist.xml; path = Info.plist; sourceTree = "<group>"; };
		A567489A1B122E6A00052C7C /* AttributorTests.m */ = {isa = PBXFileReference; lastKnownFileType = sourcecode.c.objc; path = AttributorTests.m; sourceTree = "<group>"; };
/* End PBXFileReference section */

/* Begin PBXFrameworksBuildPhase section */
		A56748781B122E6A00052C7C /* Frameworks */ = {
			isa = PBXFrameworksBuildPhase;
			buildActionMask = 2147483647;
			files = (
			);
			runOnlyForDeploymentPostprocessing = 0;
		};
		A56748911B122E6A00052C7C /* Frameworks */ = {
			isa = PBXFrameworksBuildPhase;
			buildActionMask = 2147483647;
			files = (
			);
			runOnlyForDeploymentPostprocessing = 0;
		};
/* End PBXFrameworksBuildPhase section */

/* Begin PBXGroup section */
		A56748721B122E6A00052C7C = {
			isa = PBXGroup;
			children = (
				A567487D1B122E6A00052C7C /* Attributor */,
				A56748971B122E6A00052C7C /* AttributorTests */,
				A567487C1B122E6A00052C7C /* Products */,
			);
			sourceTree = "<group>";
		};
		A567487C1B122E6A00052C7C /* Products */ = {
			isa = PBXGroup;
			children = (
				A567487B1B122E6A00052C7C /* Attributor.app */,
				A56748941B122E6A00052C7C /* AttributorTests.xctest */,
			);
			name = Products;
			sourceTree = "<group>";
		};
		A567487D1B122E6A00052C7C /* Attributor */ = {
			isa = PBXGroup;
			children = (
				A56748821B122E6A00052C7C /* AppDelegate.h */,
				A56748831B122E6A00052C7C /* AppDelegate.m */,
				A56748851B122E6A00052C7C /* ViewController.h */,
				A56748861B122E6A00052C7C /* ViewController.m */,
				A56748881B122E6A00052C7C /* Main.storyboard */,
				A567488B1B122E6A00052C7C /* Images.xcassets */,
				A567488D1B122E6A00052C7C /* LaunchScreen.xib */,
				A567487E1B122E6A00052C7C /* Supporting Files */,
			);
			path = Attributor;
			sourceTree = "<group>";
		};
		A567487E1B122E6A00052C7C /* Supporting Files */ = {
			isa = PBXGroup;
			children = (
				A567487F1B122E6A00052C7C /* Info.plist */,
				A56748801B122E6A00052C7C /* main.m */,
			);
			name = "Supporting Files";
			sourceTree = "<group>";
		};
		A56748971B122E6A00052C7C /* AttributorTests */ = {
			isa = PBXGroup;
			children = (
				A567489A1B122E6A00052C7C /* AttributorTests.m */,
				A56748981B122E6A00052C7C /* Supporting Files */,
			);
			path = AttributorTests;
			sourceTree = "<group>";
		};
		A56748981B122E6A00052C7C /* Supporting Files */ = {
			isa = PBXGroup;
			children = (
				A56748991B122E6A00052C7C /* Info.plist */,
			);
			name = "Supporting Files";
			sourceTree = "<group>";
		};
/* End PBXGroup section */

/* Begin PBXNativeTarget section */
		A567487A1B122E6A00052C7C /* Attributor */ = {
			isa = PBXNativeTarget;
			buildConfigurationList = A567489E1B122E6A00052C7C /* Build configuration list for PBXNativeTarget "Attributor" */;
			buildPhases = (
				A56748771B122E6A00052C7C /* Sources */,
				A56748781B122E6A00052C7C /* Frameworks */,
				A56748791B122E6A00052C7C /* Resources */,
			);
			buildRules = (
			);
			dependencies = (
			);
			name = Attributor;
			productName = Attributor;
			productReference = A567487B1B122E6A00052C7C /* Attributor.app */;
			productType = "com.apple.product-type.application";
		};
		A56748931B122E6A00052C7C /* AttributorTests */ = {
			isa = PBXNativeTarget;
			buildConfigurationList = A56748A11B122E6A00052C7C /* Build configuration list for PBXNativeTarget "AttributorTests" */;
			buildPhases = (
				A56748901B122E6A00052C7C /* Sources */,
				A56748911B122E6A00052C7C /* Frameworks */,
				A56748921B122E6A00052C7C /* Resources */,
			);
			buildRules = (
			);
			dependencies = (
				A56748961B122E6A00052C7C /* PBXTargetDependency */,
			);
			name = AttributorTests;
			productName = AttributorTests;
			productReference = A56748941B122E6A00052C7C /* AttributorTests.xctest */;
			productType = "com.apple.product-type.bundle.unit-test";
		};
/* End PBXNativeTarget section */

/* Begin PBXProject section */
		A56748731B122E6A00052C7C /* Project object */ = {
			isa = PBXProject;
			attributes = {
				LastUpgradeCheck = 0630;
				ORGANIZATIONNAME = Eleven;
				TargetAttributes = {
					A567487A1B122E6A00052C7C = {
						CreatedOnToolsVersion = 6.3.1;
					};
					A56748931B122E6A00052C7C = {
						CreatedOnToolsVersion = 6.3.1;
						TestTargetID = A567487A1B122E6A00052C7C;
					};
				};
			};
			buildConfigurationList = A56748761B122E6A00052C7C /* Build configuration list for PBXProject "Attributor" */;
			compatibilityVersion = "Xcode 3.2";
			developmentRegion = English;
			hasScannedForEncodings = 0;
			knownRegions = (
				en,
				Base,
			);
			mainGroup = A56748721B122E6A00052C7C;
			productRefGroup = A567487C1B122E6A00052C7C /* Products */;
			projectDirPath = "";
			projectRoot = "";
			targets = (
				A567487A1B122E6A00052C7C /* Attributor */,
				A56748931B122E6A00052C7C /* AttributorTests */,
			);
		};
/* End PBXProject section */

/* Begin PBXResourcesBuildPhase section */
		A56748791B122E6A00052C7C /* Resources */ = {
			isa = PBXResourcesBuildPhase;
			buildActionMask = 2147483647;
			files = (
				A567488A1B122E6A00052C7C /* Main.storyboard in Resources */,
				A567488F1B122E6A00052C7C /* LaunchScreen.xib in Resources */,
				A567488C1B122E6A00052C7C /* Images.xcassets in Resources */,
			);
			runOnlyForDeploymentPostprocessing = 0;
		};
		A56748921B122E6A00052C7C /* Resources */ = {
			isa = PBXResourcesBuildPhase;
			buildActionMask = 2147483647;
			files = (
			);
			runOnlyForDeploymentPostprocessing = 0;
		};
/* End PBXResourcesBuildPhase section */

/* Begin PBXSourcesBuildPhase section */
		A56748771B122E6A00052C7C /* Sources */ = {
			isa = PBXSourcesBuildPhase;
			buildActionMask = 2147483647;
			files = (
				A56748871B122E6A00052C7C /* ViewController.m in Sources */,
				A56748841B122E6A00052C7C /* AppDelegate.m in Sources */,
				A56748811B122E6A00052C7C /* main.m in Sources */,
			);
			runOnlyForDeploymentPostprocessing = 0;
		};
		A56748901B122E6A00052C7C /* Sources */ = {
			isa = PBXSourcesBuildPhase;
			buildActionMask = 2147483647;
			files = (
				A567489B1B122E6A00052C7C /* AttributorTests.m in Sources */,
			);
			runOnlyForDeploymentPostprocessing = 0;
		};
/* End PBXSourcesBuildPhase section */

/* Begin PBXTargetDependency section */
		A56748961B122E6A00052C7C /* PBXTargetDependency */ = {
			isa = PBXTargetDependency;
			target = A567487A1B122E6A00052C7C /* Attributor */;
			targetProxy = A56748951B122E6A00052C7C /* PBXContainerItemProxy */;
		};
/* End PBXTargetDependency section */

/* Begin PBXVariantGroup section */
		A56748881B122E6A00052C7C /* Main.storyboard */ = {
			isa = PBXVariantGroup;
			children = (
				A56748891B122E6A00052C7C /* Base */,
			);
			name = Main.storyboard;
			sourceTree = "<group>";
		};
		A567488D1B122E6A00052C7C /* LaunchScreen.xib */ = {
			isa = PBXVariantGroup;
			children = (
				A567488E1B122E6A00052C7C /* Base */,
			);
			name = LaunchScreen.xib;
			sourceTree = "<group>";
		};
/* End PBXVariantGroup section */

/* Begin XCBuildConfiguration section */
		A567489C1B122E6A00052C7C /* Debug */ = {
			isa = XCBuildConfiguration;
			buildSettings = {
				ALWAYS_SEARCH_USER_PATHS = NO;
				CLANG_CXX_LANGUAGE_STANDARD = "gnu++0x";
				CLANG_CXX_LIBRARY = "libc++";
				CLANG_ENABLE_MODULES = YES;
				CLANG_ENABLE_OBJC_ARC = YES;
				CLANG_WARN_BOOL_CONVERSION = YES;
				CLANG_WARN_CONSTANT_CONVERSION = YES;
				CLANG_WARN_DIRECT_OBJC_ISA_USAGE = YES_ERROR;
				CLANG_WARN_EMPTY_BODY = YES;
				CLANG_WARN_ENUM_CONVERSION = YES;
				CLANG_WARN_INT_CONVERSION = YES;
				CLANG_WARN_OBJC_ROOT_CLASS = YES_ERROR;
				CLANG_WARN_UNREACHABLE_CODE = YES;
				CLANG_WARN__DUPLICATE_METHOD_MATCH = YES;
				"CODE_SIGN_IDENTITY[sdk=iphoneos*]" = "iPhone Developer";
				COPY_PHASE_STRIP = NO;
				DEBUG_INFORMATION_FORMAT = "dwarf-with-dsym";
				ENABLE_STRICT_OBJC_MSGSEND = YES;
				GCC_C_LANGUAGE_STANDARD = gnu99;
				GCC_DYNAMIC_NO_PIC = NO;
				GCC_NO_COMMON_BLOCKS = YES;
				GCC_OPTIMIZATION_LEVEL = 0;
				GCC_PREPROCESSOR_DEFINITIONS = (
					"DEBUG=1",
					"$(inherited)",
				);
				GCC_SYMBOLS_PRIVATE_EXTERN = NO;
				GCC_WARN_64_TO_32_BIT_CONVERSION = YES;
				GCC_WARN_ABOUT_RETURN_TYPE = YES_ERROR;
				GCC_WARN_UNDECLARED_SELECTOR = YES;
				GCC_WARN_UNINITIALIZED_AUTOS = YES_AGGRESSIVE;
				GCC_WARN_UNUSED_FUNCTION = YES;
				GCC_WARN_UNUSED_VARIABLE = YES;
				IPHONEOS_DEPLOYMENT_TARGET = 8.3;
				MTL_ENABLE_DEBUG_INFO = YES;
				ONLY_ACTIVE_ARCH = YES;
				SDKROOT = iphoneos;
			};
			name = Debug;
		};
		A567489D1B122E6A00052C7C /* Release */ = {
			isa = XCBuildConfiguration;
			buildSettings = {
				ALWAYS_SEARCH_USER_PATHS = NO;
				CLANG_CXX_LANGUAGE_STANDARD = "gnu++0x";
				CLANG_CXX_LIBRARY = "libc++";
				CLANG_ENABLE_MODULES = YES;
				CLANG_ENABLE_OBJC_ARC = YES;
				CLANG_WARN_BOOL_CONVERSION = YES;
				CLANG_WARN_CONSTANT_CONVERSION = YES;
				CLANG_WARN_DIRECT_OBJC_ISA_USAGE = YES_ERROR;
				CLANG_WARN_EMPTY_BODY = YES;
				CLANG_WARN_ENUM_CONVERSION = YES;
				CLANG_WARN_INT_CONVERSION = YES;
				CLANG_WARN_OBJC_ROOT_CLASS = YES_ERROR;
				CLANG_WARN_UNREACHABLE_CODE = YES;
				CLANG_WARN__DUPLICATE_METHOD_MATCH = YES;
				"CODE_SIGN_IDENTITY[sdk=iphoneos*]" = "iPhone Developer";
				COPY_PHASE_STRIP = NO;
				DEBUG_INFORMATION_FORMAT = "dwarf-with-dsym";
				ENABLE_NS_ASSERTIONS = NO;
				ENABLE_STRICT_OBJC_MSGSEND = YES;
				GCC_C_LANGUAGE_STANDARD = gnu99;
				GCC_NO_COMMON_BLOCKS = YES;
				GCC_WARN_64_TO_32_BIT_CONVERSION = YES;
				GCC_WARN_ABOUT_RETURN_TYPE = YES_ERROR;
				GCC_WARN_UNDECLARED_SELECTOR = YES;
				GCC_WARN_UNINITIALIZED_AUTOS = YES_AGGRESSIVE;
				GCC_WARN_UNUSED_FUNCTION = YES;
				GCC_WARN_UNUSED_VARIABLE = YES;
				IPHONEOS_DEPLOYMENT_TARGET = 8.3;
				MTL_ENABLE_DEBUG_INFO = NO;
				SDKROOT = iphoneos;
				VALIDATE_PRODUCT = YES;
			};
			name = Release;
		};
		A567489F1B122E6A00052C7C /* Debug */ = {
			isa = XCBuildConfiguration;
			buildSettings = {
				ASSETCATALOG_COMPILER_APPICON_NAME = AppIcon;
				INFOPLIST_FILE = Attributor/Info.plist;
				IPHONEOS_DEPLOYMENT_TARGET = 7.0;
				LD_RUNPATH_SEARCH_PATHS = "$(inherited) @executable_path/Frameworks";
				PRODUCT_NAME = "$(TARGET_NAME)";
			};
			name = Debug;
		};
		A56748A01B122E6A00052C7C /* Release */ = {
			isa = XCBuildConfiguration;
			buildSettings = {
				ASSETCATALOG_COMPILER_APPICON_NAME = AppIcon;
				INFOPLIST_FILE = Attributor/Info.plist;
				IPHONEOS_DEPLOYMENT_TARGET = 7.0;
				LD_RUNPATH_SEARCH_PATHS = "$(inherited) @executable_path/Frameworks";
				PRODUCT_NAME = "$(TARGET_NAME)";
			};
			name = Release;
		};
		A56748A21B122E6A00052C7C /* Debug */ = {
			isa = XCBuildConfiguration;
			buildSettings = {
				BUNDLE_LOADER = "$(TEST_HOST)";
				FRAMEWORK_SEARCH_PATHS = (
					"$(SDKROOT)/Developer/Library/Frameworks",
					"$(inherited)",
				);
				GCC_PREPROCESSOR_DEFINITIONS = (
					"DEBUG=1",
					"$(inherited)",
				);
				INFOPLIST_FILE = AttributorTests/Info.plist;
				LD_RUNPATH_SEARCH_PATHS = "$(inherited) @executable_path/Frameworks @loader_path/Frameworks";
				PRODUCT_NAME = "$(TARGET_NAME)";
				TEST_HOST = "$(BUILT_PRODUCTS_DIR)/Attributor.app/Attributor";
			};
			name = Debug;
		};
		A56748A31B122E6A00052C7C /* Release */ = {
			isa = XCBuildConfiguration;
			buildSettings = {
				BUNDLE_LOADER = "$(TEST_HOST)";
				FRAMEWORK_SEARCH_PATHS = (
					"$(SDKROOT)/Developer/Library/Frameworks",
					"$(inherited)",
				);
				INFOPLIST_FILE = AttributorTests/Info.plist;
				LD_RUNPATH_SEARCH_PATHS = "$(inherited) @executable_path/Frameworks @loader_path/Frameworks";
				PRODUCT_NAME = "$(TARGET_NAME)";
				TEST_HOST = "$(BUILT_PRODUCTS_DIR)/Attributor.app/Attributor";
			};
			name = Release;
		};
/* End XCBuildConfiguration section */

/* Begin XCConfigurationList section */
		A56748761B122E6A00052C7C /* Build configuration list for PBXProject "Attributor" */ = {
			isa = XCConfigurationList;
			buildConfigurations = (
				A567489C1B122E6A00052C7C /* Debug */,
				A567489D1B122E6A00052C7C /* Release */,
			);
			defaultConfigurationIsVisible = 0;
			defaultConfigurationName = Release;
		};
		A567489E1B122E6A00052C7C /* Build configuration list for PBXNativeTarget "Attributor" */ = {
			isa = XCConfigurationList;
			buildConfigurations = (
				A567489F1B122E6A00052C7C /* Debug */,
				A56748A01B122E6A00052C7C /* Release */,
			);
			defaultConfigurationIsVisible = 0;
		};
		A56748A11B122E6A00052C7C /* Build configuration list for PBXNativeTarget "AttributorTests" */ = {
			isa = XCConfigurationList;
			buildConfigurations = (
				A56748A21B122E6A00052C7C /* Debug */,
				A56748A31B122E6A00052C7C /* Release */,
			);
			defaultConfigurationIsVisible = 0;
		};
/* End XCConfigurationList section */
	};
	rootObject = A56748731B122E6A00052C7C /* Project object */;
}
